
Microsoft Visual Studio Solution File, Format Version 12.00
# Visual Studio Version 17
VisualStudioVersion = 17.8.34309.116
MinimumVisualStudioVersion = 10.0.40219.1
Project("{FAE04EC0-301F-11D3-BF4B-00C04F79EFBC}") = "RestaurantReviewProject3", "RestaurantReviewProject3\RestaurantReviewProject3.csproj", "{CBD7C677-C76D-4FC1-BB16-5FC8D3369178}"
EndProject
Project("{FAE04EC0-301F-11D3-BF4B-00C04F79EFBC}") = "RestaurantReviewLibrary", "RestaurantReviewLibrary\RestaurantReviewLibrary.csproj", "{87997326-640B-44AA-8FD4-D420CDEC21D6}"
EndProject
Project("{9A19103F-16F7-4668-BE54-9A1E7A4F7556}") = "RestService", "RestService\RestService.csproj", "{D219BA86-ACF5-4D93-881F-943303A7F265}"
EndProject
Project("{FAE04EC0-301F-11D3-BF4B-00C04F79EFBC}") = "SoapApiSearch", "SoapApiSearch\SoapApiSearch.csproj", "{222D4DF7-EDE5-4993-A604-2F627C98C045}"
EndProject
Global
	GlobalSection(SolutionConfigurationPlatforms) = preSolution
		Debug|Any CPU = Debug|Any CPU
		Release|Any CPU = Release|Any CPU
	EndGlobalSection
	GlobalSection(ProjectConfigurationPlatforms) = postSolution
		{CBD7C677-C76D-4FC1-BB16-5FC8D3369178}.Debug|Any CPU.ActiveCfg = Debug|Any CPU
		{CBD7C677-C76D-4FC1-BB16-5FC8D3369178}.Debug|Any CPU.Build.0 = Debug|Any CPU
		{CBD7C677-C76D-4FC1-BB16-5FC8D3369178}.Release|Any CPU.ActiveCfg = Release|Any CPU
		{CBD7C677-C76D-4FC1-BB16-5FC8D3369178}.Release|Any CPU.Build.0 = Release|Any CPU
		{87997326-640B-44AA-8FD4-D420CDEC21D6}.Debug|Any CPU.ActiveCfg = Debug|Any CPU
		{87997326-640B-44AA-8FD4-D420CDEC21D6}.Debug|Any CPU.Build.0 = Debug|Any CPU
		{87997326-640B-44AA-8FD4-D420CDEC21D6}.Release|Any CPU.ActiveCfg = Release|Any CPU
		{87997326-640B-44AA-8FD4-D420CDEC21D6}.Release|Any CPU.Build.0 = Release|Any CPU
		{D219BA86-ACF5-4D93-881F-943303A7F265}.Debug|Any CPU.ActiveCfg = Debug|Any CPU
		{D219BA86-ACF5-4D93-881F-943303A7F265}.Debug|Any CPU.Build.0 = Debug|Any CPU
		{D219BA86-ACF5-4D93-881F-943303A7F265}.Release|Any CPU.ActiveCfg = Release|Any CPU
		{D219BA86-ACF5-4D93-881F-943303A7F265}.Release|Any CPU.Build.0 = Release|Any CPU
		{222D4DF7-EDE5-4993-A604-2F627C98C045}.Debug|Any CPU.ActiveCfg = Debug|Any CPU
		{222D4DF7-EDE5-4993-A604-2F627C98C045}.Debug|Any CPU.Build.0 = Debug|Any CPU
		{222D4DF7-EDE5-4993-A604-2F627C98C045}.Release|Any CPU.ActiveCfg = Release|Any CPU
		{222D4DF7-EDE5-4993-A604-2F627C98C045}.Release|Any CPU.Build.0 = Release|Any CPU
	EndGlobalSection
	GlobalSection(SolutionProperties) = preSolution
		HideSolutionNode = FALSE
	EndGlobalSection
	GlobalSection(ExtensibilityGlobals) = postSolution
		SolutionGuid = {FD92A24B-1A56-471F-BB73-F87DC0403671}
	EndGlobalSection
EndGlobal
